// !$*UTF8*$!
{
	archiveVersion = 1;
	classes = {
	};
	objectVersion = 46;
	objects = {

/* Begin PBXBuildFile section */
		7C5A486119B4F3FB006093E2 /* Accounts.framework in Frameworks */ = {isa = PBXBuildFile; fileRef = 7C5A486019B4F3FB006093E2 /* Accounts.framework */; };
		7C5A486319B4F405006093E2 /* Social.framework in Frameworks */ = {isa = PBXBuildFile; fileRef = 7C5A486219B4F405006093E2 /* Social.framework */; };
		7CB637E719997F5200B1373C /* Constants.m in Sources */ = {isa = PBXBuildFile; fileRef = 7CB637E619997F5200B1373C /* Constants.m */; };
		7CC9C69B1991756C0081ADEC /* Foundation.framework in Frameworks */ = {isa = PBXBuildFile; fileRef = 7CC9C69A1991756C0081ADEC /* Foundation.framework */; };
		7CC9C69D1991756C0081ADEC /* CoreGraphics.framework in Frameworks */ = {isa = PBXBuildFile; fileRef = 7CC9C69C1991756C0081ADEC /* CoreGraphics.framework */; };
		7CC9C69F1991756C0081ADEC /* UIKit.framework in Frameworks */ = {isa = PBXBuildFile; fileRef = 7CC9C69E1991756C0081ADEC /* UIKit.framework */; };
		7CC9C6A51991756C0081ADEC /* InfoPlist.strings in Resources */ = {isa = PBXBuildFile; fileRef = 7CC9C6A31991756C0081ADEC /* InfoPlist.strings */; };
		7CC9C6A71991756C0081ADEC /* main.m in Sources */ = {isa = PBXBuildFile; fileRef = 7CC9C6A61991756C0081ADEC /* main.m */; };
		7CC9C6AB1991756C0081ADEC /* AppDelegate.m in Sources */ = {isa = PBXBuildFile; fileRef = 7CC9C6AA1991756C0081ADEC /* AppDelegate.m */; };
		7CC9C6AD1991756C0081ADEC /* Images.xcassets in Resources */ = {isa = PBXBuildFile; fileRef = 7CC9C6AC1991756C0081ADEC /* Images.xcassets */; };
		7CC9C6B41991756C0081ADEC /* XCTest.framework in Frameworks */ = {isa = PBXBuildFile; fileRef = 7CC9C6B31991756C0081ADEC /* XCTest.framework */; };
		7CC9C6B51991756C0081ADEC /* Foundation.framework in Frameworks */ = {isa = PBXBuildFile; fileRef = 7CC9C69A1991756C0081ADEC /* Foundation.framework */; };
		7CC9C6B61991756C0081ADEC /* UIKit.framework in Frameworks */ = {isa = PBXBuildFile; fileRef = 7CC9C69E1991756C0081ADEC /* UIKit.framework */; };
		7CC9C6BE1991756C0081ADEC /* InfoPlist.strings in Resources */ = {isa = PBXBuildFile; fileRef = 7CC9C6BC1991756C0081ADEC /* InfoPlist.strings */; };
		7CC9C6C01991756C0081ADEC /* FullMetalFirebaseTests.m in Sources */ = {isa = PBXBuildFile; fileRef = 7CC9C6BF1991756C0081ADEC /* FullMetalFirebaseTests.m */; };
		7CC9C6CA199176060081ADEC /* libicucore.dylib in Frameworks */ = {isa = PBXBuildFile; fileRef = 7CC9C6C9199176060081ADEC /* libicucore.dylib */; };
		7CC9C6CC199176100081ADEC /* libc++.dylib in Frameworks */ = {isa = PBXBuildFile; fileRef = 7CC9C6CB199176100081ADEC /* libc++.dylib */; };
		7CC9C6CE199176160081ADEC /* CFNetwork.framework in Frameworks */ = {isa = PBXBuildFile; fileRef = 7CC9C6CD199176160081ADEC /* CFNetwork.framework */; };
		7CC9C6D01991761C0081ADEC /* Security.framework in Frameworks */ = {isa = PBXBuildFile; fileRef = 7CC9C6CF1991761C0081ADEC /* Security.framework */; };
		7CC9C6D2199176270081ADEC /* SystemConfiguration.framework in Frameworks */ = {isa = PBXBuildFile; fileRef = 7CC9C6D1199176270081ADEC /* SystemConfiguration.framework */; };
		7CC9C6D4199176790081ADEC /* Firebase.framework in Frameworks */ = {isa = PBXBuildFile; fileRef = 7CC9C6D3199176790081ADEC /* Firebase.framework */; };
		7CC9C6D7199177320081ADEC /* ViewController.m in Sources */ = {isa = PBXBuildFile; fileRef = 7CC9C6D6199177320081ADEC /* ViewController.m */; };
/* End PBXBuildFile section */

/* Begin PBXContainerItemProxy section */
		7CC9C6B71991756C0081ADEC /* PBXContainerItemProxy */ = {
			isa = PBXContainerItemProxy;
			containerPortal = 7CC9C68F1991756C0081ADEC /* Project object */;
			proxyType = 1;
			remoteGlobalIDString = 7CC9C6961991756C0081ADEC;
			remoteInfo = FullMetalFirebase;
		};
/* End PBXContainerItemProxy section */

/* Begin PBXFileReference section */
		7C5A486019B4F3FB006093E2 /* Accounts.framework */ = {isa = PBXFileReference; lastKnownFileType = wrapper.framework; name = Accounts.framework; path = System/Library/Frameworks/Accounts.framework; sourceTree = SDKROOT; };
		7C5A486219B4F405006093E2 /* Social.framework */ = {isa = PBXFileReference; lastKnownFileType = wrapper.framework; name = Social.framework; path = System/Library/Frameworks/Social.framework; sourceTree = SDKROOT; };
		7CB637E519997F5200B1373C /* Constants.h */ = {isa = PBXFileReference; fileEncoding = 4; lastKnownFileType = sourcecode.c.h; path = Constants.h; sourceTree = "<group>"; };
		7CB637E619997F5200B1373C /* Constants.m */ = {isa = PBXFileReference; fileEncoding = 4; lastKnownFileType = sourcecode.c.objc; path = Constants.m; sourceTree = "<group>"; };
		7CC9C6971991756C0081ADEC /* FullMetalFirebase.app */ = {isa = PBXFileReference; explicitFileType = wrapper.application; includeInIndex = 0; path = FullMetalFirebase.app; sourceTree = BUILT_PRODUCTS_DIR; };
		7CC9C69A1991756C0081ADEC /* Foundation.framework */ = {isa = PBXFileReference; lastKnownFileType = wrapper.framework; name = Foundation.framework; path = System/Library/Frameworks/Foundation.framework; sourceTree = SDKROOT; };
		7CC9C69C1991756C0081ADEC /* CoreGraphics.framework */ = {isa = PBXFileReference; lastKnownFileType = wrapper.framework; name = CoreGraphics.framework; path = System/Library/Frameworks/CoreGraphics.framework; sourceTree = SDKROOT; };
		7CC9C69E1991756C0081ADEC /* UIKit.framework */ = {isa = PBXFileReference; lastKnownFileType = wrapper.framework; name = UIKit.framework; path = System/Library/Frameworks/UIKit.framework; sourceTree = SDKROOT; };
		7CC9C6A21991756C0081ADEC /* FullMetalFirebase-Info.plist */ = {isa = PBXFileReference; lastKnownFileType = text.plist.xml; path = "FullMetalFirebase-Info.plist"; sourceTree = "<group>"; };
		7CC9C6A41991756C0081ADEC /* en */ = {isa = PBXFileReference; lastKnownFileType = text.plist.strings; name = en; path = en.lproj/InfoPlist.strings; sourceTree = "<group>"; };
		7CC9C6A61991756C0081ADEC /* main.m */ = {isa = PBXFileReference; lastKnownFileType = sourcecode.c.objc; path = main.m; sourceTree = "<group>"; };
		7CC9C6A81991756C0081ADEC /* FullMetalFirebase-Prefix.pch */ = {isa = PBXFileReference; lastKnownFileType = sourcecode.c.h; path = "FullMetalFirebase-Prefix.pch"; sourceTree = "<group>"; };
		7CC9C6A91991756C0081ADEC /* AppDelegate.h */ = {isa = PBXFileReference; lastKnownFileType = sourcecode.c.h; path = AppDelegate.h; sourceTree = "<group>"; };
		7CC9C6AA1991756C0081ADEC /* AppDelegate.m */ = {isa = PBXFileReference; lastKnownFileType = sourcecode.c.objc; path = AppDelegate.m; sourceTree = "<group>"; };
		7CC9C6AC1991756C0081ADEC /* Images.xcassets */ = {isa = PBXFileReference; lastKnownFileType = folder.assetcatalog; path = Images.xcassets; sourceTree = "<group>"; };
		7CC9C6B21991756C0081ADEC /* FullMetalFirebaseTests.xctest */ = {isa = PBXFileReference; explicitFileType = wrapper.cfbundle; includeInIndex = 0; path = FullMetalFirebaseTests.xctest; sourceTree = BUILT_PRODUCTS_DIR; };
		7CC9C6B31991756C0081ADEC /* XCTest.framework */ = {isa = PBXFileReference; lastKnownFileType = wrapper.framework; name = XCTest.framework; path = Library/Frameworks/XCTest.framework; sourceTree = DEVELOPER_DIR; };
		7CC9C6BB1991756C0081ADEC /* FullMetalFirebaseTests-Info.plist */ = {isa = PBXFileReference; lastKnownFileType = text.plist.xml; path = "FullMetalFirebaseTests-Info.plist"; sourceTree = "<group>"; };
		7CC9C6BD1991756C0081ADEC /* en */ = {isa = PBXFileReference; lastKnownFileType = text.plist.strings; name = en; path = en.lproj/InfoPlist.strings; sourceTree = "<group>"; };
		7CC9C6BF1991756C0081ADEC /* FullMetalFirebaseTests.m */ = {isa = PBXFileReference; lastKnownFileType = sourcecode.c.objc; path = FullMetalFirebaseTests.m; sourceTree = "<group>"; };
		7CC9C6C9199176060081ADEC /* libicucore.dylib */ = {isa = PBXFileReference; lastKnownFileType = "compiled.mach-o.dylib"; name = libicucore.dylib; path = usr/lib/libicucore.dylib; sourceTree = SDKROOT; };
		7CC9C6CB199176100081ADEC /* libc++.dylib */ = {isa = PBXFileReference; lastKnownFileType = "compiled.mach-o.dylib"; name = "libc++.dylib"; path = "usr/lib/libc++.dylib"; sourceTree = SDKROOT; };
		7CC9C6CD199176160081ADEC /* CFNetwork.framework */ = {isa = PBXFileReference; lastKnownFileType = wrapper.framework; name = CFNetwork.framework; path = System/Library/Frameworks/CFNetwork.framework; sourceTree = SDKROOT; };
		7CC9C6CF1991761C0081ADEC /* Security.framework */ = {isa = PBXFileReference; lastKnownFileType = wrapper.framework; name = Security.framework; path = System/Library/Frameworks/Security.framework; sourceTree = SDKROOT; };
		7CC9C6D1199176270081ADEC /* SystemConfiguration.framework */ = {isa = PBXFileReference; lastKnownFileType = wrapper.framework; name = SystemConfiguration.framework; path = System/Library/Frameworks/SystemConfiguration.framework; sourceTree = SDKROOT; };
		7CC9C6D3199176790081ADEC /* Firebase.framework */ = {isa = PBXFileReference; lastKnownFileType = wrapper.framework; name = Firebase.framework; path = ../../APIs/Firebase.framework; sourceTree = "<group>"; };
		7CC9C6D5199177320081ADEC /* ViewController.h */ = {isa = PBXFileReference; fileEncoding = 4; lastKnownFileType = sourcecode.c.h; path = ViewController.h; sourceTree = "<group>"; };
		7CC9C6D6199177320081ADEC /* ViewController.m */ = {isa = PBXFileReference; fileEncoding = 4; lastKnownFileType = sourcecode.c.objc; path = ViewController.m; sourceTree = "<group>"; };
/* End PBXFileReference section */

/* Begin PBXFrameworksBuildPhase section */
		7CC9C6941991756C0081ADEC /* Frameworks */ = {
			isa = PBXFrameworksBuildPhase;
			buildActionMask = 2147483647;
			files = (
				7C5A486319B4F405006093E2 /* Social.framework in Frameworks */,
				7C5A486119B4F3FB006093E2 /* Accounts.framework in Frameworks */,
				7CC9C6D4199176790081ADEC /* Firebase.framework in Frameworks */,
				7CC9C6D2199176270081ADEC /* SystemConfiguration.framework in Frameworks */,
				7CC9C6D01991761C0081ADEC /* Security.framework in Frameworks */,
				7CC9C6CE199176160081ADEC /* CFNetwork.framework in Frameworks */,
				7CC9C6CC199176100081ADEC /* libc++.dylib in Frameworks */,
				7CC9C6CA199176060081ADEC /* libicucore.dylib in Frameworks */,
				7CC9C69D1991756C0081ADEC /* CoreGraphics.framework in Frameworks */,
				7CC9C69F1991756C0081ADEC /* UIKit.framework in Frameworks */,
				7CC9C69B1991756C0081ADEC /* Foundation.framework in Frameworks */,
			);
			runOnlyForDeploymentPostprocessing = 0;
		};
		7CC9C6AF1991756C0081ADEC /* Frameworks */ = {
			isa = PBXFrameworksBuildPhase;
			buildActionMask = 2147483647;
			files = (
				7CC9C6B41991756C0081ADEC /* XCTest.framework in Frameworks */,
				7CC9C6B61991756C0081ADEC /* UIKit.framework in Frameworks */,
				7CC9C6B51991756C0081ADEC /* Foundation.framework in Frameworks */,
			);
			runOnlyForDeploymentPostprocessing = 0;
		};
/* End PBXFrameworksBuildPhase section */

/* Begin PBXGroup section */
		7CC9C68E1991756C0081ADEC = {
			isa = PBXGroup;
			children = (
				7CC9C6A01991756C0081ADEC /* FullMetalFirebase */,
				7CC9C6B91991756C0081ADEC /* FullMetalFirebaseTests */,
				7CC9C6991991756C0081ADEC /* Frameworks */,
				7CC9C6981991756C0081ADEC /* Products */,
			);
			sourceTree = "<group>";
		};
		7CC9C6981991756C0081ADEC /* Products */ = {
			isa = PBXGroup;
			children = (
				7CC9C6971991756C0081ADEC /* FullMetalFirebase.app */,
				7CC9C6B21991756C0081ADEC /* FullMetalFirebaseTests.xctest */,
			);
			name = Products;
			sourceTree = "<group>";
		};
		7CC9C6991991756C0081ADEC /* Frameworks */ = {
			isa = PBXGroup;
			children = (
				7C5A486219B4F405006093E2 /* Social.framework */,
				7C5A486019B4F3FB006093E2 /* Accounts.framework */,
				7CC9C6D3199176790081ADEC /* Firebase.framework */,
				7CC9C6D1199176270081ADEC /* SystemConfiguration.framework */,
				7CC9C6CF1991761C0081ADEC /* Security.framework */,
				7CC9C6CD199176160081ADEC /* CFNetwork.framework */,
				7CC9C6CB199176100081ADEC /* libc++.dylib */,
				7CC9C6C9199176060081ADEC /* libicucore.dylib */,
				7CC9C69A1991756C0081ADEC /* Foundation.framework */,
				7CC9C69C1991756C0081ADEC /* CoreGraphics.framework */,
				7CC9C69E1991756C0081ADEC /* UIKit.framework */,
				7CC9C6B31991756C0081ADEC /* XCTest.framework */,
			);
			name = Frameworks;
			sourceTree = "<group>";
		};
		7CC9C6A01991756C0081ADEC /* FullMetalFirebase */ = {
			isa = PBXGroup;
			children = (
				7CC9C6A91991756C0081ADEC /* AppDelegate.h */,
				7CC9C6AA1991756C0081ADEC /* AppDelegate.m */,
				7CB637E519997F5200B1373C /* Constants.h */,
				7CB637E619997F5200B1373C /* Constants.m */,
				7CC9C6AC1991756C0081ADEC /* Images.xcassets */,
				7CC9C6D5199177320081ADEC /* ViewController.h */,
				7CC9C6D6199177320081ADEC /* ViewController.m */,
				7CC9C6A11991756C0081ADEC /* Supporting Files */,
			);
			path = FullMetalFirebase;
			sourceTree = "<group>";
		};
		7CC9C6A11991756C0081ADEC /* Supporting Files */ = {
			isa = PBXGroup;
			children = (
				7CC9C6A21991756C0081ADEC /* FullMetalFirebase-Info.plist */,
				7CC9C6A31991756C0081ADEC /* InfoPlist.strings */,
				7CC9C6A61991756C0081ADEC /* main.m */,
				7CC9C6A81991756C0081ADEC /* FullMetalFirebase-Prefix.pch */,
			);
			name = "Supporting Files";
			sourceTree = "<group>";
		};
		7CC9C6B91991756C0081ADEC /* FullMetalFirebaseTests */ = {
			isa = PBXGroup;
			children = (
				7CC9C6BF1991756C0081ADEC /* FullMetalFirebaseTests.m */,
				7CC9C6BA1991756C0081ADEC /* Supporting Files */,
			);
			path = FullMetalFirebaseTests;
			sourceTree = "<group>";
		};
		7CC9C6BA1991756C0081ADEC /* Supporting Files */ = {
			isa = PBXGroup;
			children = (
				7CC9C6BB1991756C0081ADEC /* FullMetalFirebaseTests-Info.plist */,
				7CC9C6BC1991756C0081ADEC /* InfoPlist.strings */,
			);
			name = "Supporting Files";
			sourceTree = "<group>";
		};
/* End PBXGroup section */

/* Begin PBXNativeTarget section */
		7CC9C6961991756C0081ADEC /* FullMetalFirebase */ = {
			isa = PBXNativeTarget;
			buildConfigurationList = 7CC9C6C31991756C0081ADEC /* Build configuration list for PBXNativeTarget "FullMetalFirebase" */;
			buildPhases = (
				7CC9C6931991756C0081ADEC /* Sources */,
				7CC9C6941991756C0081ADEC /* Frameworks */,
				7CC9C6951991756C0081ADEC /* Resources */,
			);
			buildRules = (
			);
			dependencies = (
			);
			name = FullMetalFirebase;
			productName = FullMetalFirebase;
			productReference = 7CC9C6971991756C0081ADEC /* FullMetalFirebase.app */;
			productType = "com.apple.product-type.application";
		};
		7CC9C6B11991756C0081ADEC /* FullMetalFirebaseTests */ = {
			isa = PBXNativeTarget;
			buildConfigurationList = 7CC9C6C61991756C0081ADEC /* Build configuration list for PBXNativeTarget "FullMetalFirebaseTests" */;
			buildPhases = (
				7CC9C6AE1991756C0081ADEC /* Sources */,
				7CC9C6AF1991756C0081ADEC /* Frameworks */,
				7CC9C6B01991756C0081ADEC /* Resources */,
			);
			buildRules = (
			);
			dependencies = (
				7CC9C6B81991756C0081ADEC /* PBXTargetDependency */,
			);
			name = FullMetalFirebaseTests;
			productName = FullMetalFirebaseTests;
			productReference = 7CC9C6B21991756C0081ADEC /* FullMetalFirebaseTests.xctest */;
			productType = "com.apple.product-type.bundle.unit-test";
		};
/* End PBXNativeTarget section */

/* Begin PBXProject section */
		7CC9C68F1991756C0081ADEC /* Project object */ = {
			isa = PBXProject;
			attributes = {
				LastUpgradeCheck = 0510;
				ORGANIZATIONNAME = "Giving Tree";
				TargetAttributes = {
					7CC9C6B11991756C0081ADEC = {
						TestTargetID = 7CC9C6961991756C0081ADEC;
					};
				};
			};
			buildConfigurationList = 7CC9C6921991756C0081ADEC /* Build configuration list for PBXProject "FullMetalFirebase" */;
			compatibilityVersion = "Xcode 3.2";
			developmentRegion = English;
			hasScannedForEncodings = 0;
			knownRegions = (
				en,
			);
			mainGroup = 7CC9C68E1991756C0081ADEC;
			productRefGroup = 7CC9C6981991756C0081ADEC /* Products */;
			projectDirPath = "";
			projectRoot = "";
			targets = (
				7CC9C6961991756C0081ADEC /* FullMetalFirebase */,
				7CC9C6B11991756C0081ADEC /* FullMetalFirebaseTests */,
			);
		};
/* End PBXProject section */

/* Begin PBXResourcesBuildPhase section */
		7CC9C6951991756C0081ADEC /* Resources */ = {
			isa = PBXResourcesBuildPhase;
			buildActionMask = 2147483647;
			files = (
				7CC9C6A51991756C0081ADEC /* InfoPlist.strings in Resources */,
				7CC9C6AD1991756C0081ADEC /* Images.xcassets in Resources */,
			);
			runOnlyForDeploymentPostprocessing = 0;
		};
		7CC9C6B01991756C0081ADEC /* Resources */ = {
			isa = PBXResourcesBuildPhase;
			buildActionMask = 2147483647;
			files = (
				7CC9C6BE1991756C0081ADEC /* InfoPlist.strings in Resources */,
			);
			runOnlyForDeploymentPostprocessing = 0;
		};
/* End PBXResourcesBuildPhase section */

/* Begin PBXSourcesBuildPhase section */
		7CC9C6931991756C0081ADEC /* Sources */ = {
			isa = PBXSourcesBuildPhase;
			buildActionMask = 2147483647;
			files = (
				7CC9C6D7199177320081ADEC /* ViewController.m in Sources */,
				7CC9C6AB1991756C0081ADEC /* AppDelegate.m in Sources */,
				7CC9C6A71991756C0081ADEC /* main.m in Sources */,
				7CB637E719997F5200B1373C /* Constants.m in Sources */,
			);
			runOnlyForDeploymentPostprocessing = 0;
		};
		7CC9C6AE1991756C0081ADEC /* Sources */ = {
			isa = PBXSourcesBuildPhase;
			buildActionMask = 2147483647;
			files = (
				7CC9C6C01991756C0081ADEC /* FullMetalFirebaseTests.m in Sources */,
			);
			runOnlyForDeploymentPostprocessing = 0;
		};
/* End PBXSourcesBuildPhase section */

/* Begin PBXTargetDependency section */
		7CC9C6B81991756C0081ADEC /* PBXTargetDependency */ = {
			isa = PBXTargetDependency;
			target = 7CC9C6961991756C0081ADEC /* FullMetalFirebase */;
			targetProxy = 7CC9C6B71991756C0081ADEC /* PBXContainerItemProxy */;
		};
/* End PBXTargetDependency section */

/* Begin PBXVariantGroup section */
		7CC9C6A31991756C0081ADEC /* InfoPlist.strings */ = {
			isa = PBXVariantGroup;
			children = (
				7CC9C6A41991756C0081ADEC /* en */,
			);
			name = InfoPlist.strings;
			sourceTree = "<group>";
		};
		7CC9C6BC1991756C0081ADEC /* InfoPlist.strings */ = {
			isa = PBXVariantGroup;
			children = (
				7CC9C6BD1991756C0081ADEC /* en */,
			);
			name = InfoPlist.strings;
			sourceTree = "<group>";
		};
/* End PBXVariantGroup section */

/* Begin XCBuildConfiguration section */
		7CC9C6C11991756C0081ADEC /* Debug */ = {
			isa = XCBuildConfiguration;
			buildSettings = {
				ALWAYS_SEARCH_USER_PATHS = NO;
				CLANG_CXX_LANGUAGE_STANDARD = "gnu++0x";
				CLANG_CXX_LIBRARY = "libc++";
				CLANG_ENABLE_MODULES = YES;
				CLANG_ENABLE_OBJC_ARC = YES;
				CLANG_WARN_BOOL_CONVERSION = YES;
				CLANG_WARN_CONSTANT_CONVERSION = YES;
				CLANG_WARN_DIRECT_OBJC_ISA_USAGE = YES_ERROR;
				CLANG_WARN_EMPTY_BODY = YES;
				CLANG_WARN_ENUM_CONVERSION = YES;
				CLANG_WARN_INT_CONVERSION = YES;
				CLANG_WARN_OBJC_ROOT_CLASS = YES_ERROR;
				CLANG_WARN__DUPLICATE_METHOD_MATCH = YES;
				"CODE_SIGN_IDENTITY[sdk=iphoneos*]" = "iPhone Developer";
				COPY_PHASE_STRIP = NO;
				GCC_C_LANGUAGE_STANDARD = gnu99;
				GCC_DYNAMIC_NO_PIC = NO;
				GCC_OPTIMIZATION_LEVEL = 0;
				GCC_PREPROCESSOR_DEFINITIONS = (
					"DEBUG=1",
					"$(inherited)",
				);
				GCC_SYMBOLS_PRIVATE_EXTERN = NO;
				GCC_WARN_64_TO_32_BIT_CONVERSION = YES;
				GCC_WARN_ABOUT_RETURN_TYPE = YES_ERROR;
				GCC_WARN_UNDECLARED_SELECTOR = YES;
				GCC_WARN_UNINITIALIZED_AUTOS = YES_AGGRESSIVE;
				GCC_WARN_UNUSED_FUNCTION = YES;
				GCC_WARN_UNUSED_VARIABLE = YES;
				IPHONEOS_DEPLOYMENT_TARGET = 7.1;
				ONLY_ACTIVE_ARCH = YES;
				SDKROOT = iphoneos;
			};
			name = Debug;
		};
		7CC9C6C21991756C0081ADEC /* Release */ = {
			isa = XCBuildConfiguration;
			buildSettings = {
				ALWAYS_SEARCH_USER_PATHS = NO;
				CLANG_CXX_LANGUAGE_STANDARD = "gnu++0x";
				CLANG_CXX_LIBRARY = "libc++";
				CLANG_ENABLE_MODULES = YES;
				CLANG_ENABLE_OBJC_ARC = YES;
				CLANG_WARN_BOOL_CONVERSION = YES;
				CLANG_WARN_CONSTANT_CONVERSION = YES;
				CLANG_WARN_DIRECT_OBJC_ISA_USAGE = YES_ERROR;
				CLANG_WARN_EMPTY_BODY = YES;
				CLANG_WARN_ENUM_CONVERSION = YES;
				CLANG_WARN_INT_CONVERSION = YES;
				CLANG_WARN_OBJC_ROOT_CLASS = YES_ERROR;
				CLANG_WARN__DUPLICATE_METHOD_MATCH = YES;
				"CODE_SIGN_IDENTITY[sdk=iphoneos*]" = "iPhone Developer";
				COPY_PHASE_STRIP = YES;
				ENABLE_NS_ASSERTIONS = NO;
				GCC_C_LANGUAGE_STANDARD = gnu99;
				GCC_WARN_64_TO_32_BIT_CONVERSION = YES;
				GCC_WARN_ABOUT_RETURN_TYPE = YES_ERROR;
				GCC_WARN_UNDECLARED_SELECTOR = YES;
				GCC_WARN_UNINITIALIZED_AUTOS = YES_AGGRESSIVE;
				GCC_WARN_UNUSED_FUNCTION = YES;
				GCC_WARN_UNUSED_VARIABLE = YES;
				IPHONEOS_DEPLOYMENT_TARGET = 7.1;
				SDKROOT = iphoneos;
				VALIDATE_PRODUCT = YES;
			};
			name = Release;
		};
		7CC9C6C41991756C0081ADEC /* Debug */ = {
			isa = XCBuildConfiguration;
			buildSettings = {
				ASSETCATALOG_COMPILER_APPICON_NAME = AppIcon;
				ASSETCATALOG_COMPILER_LAUNCHIMAGE_NAME = LaunchImage;
				FRAMEWORK_SEARCH_PATHS = (
					"$(inherited)",
					/Users/mvilabrera/Developer/APIs,
				);
				GCC_PRECOMPILE_PREFIX_HEADER = YES;
				GCC_PREFIX_HEADER = "FullMetalFirebase/FullMetalFirebase-Prefix.pch";
				INFOPLIST_FILE = "FullMetalFirebase/FullMetalFirebase-Info.plist";
				OTHER_LDFLAGS = "-ObjC";
				PRODUCT_NAME = "$(TARGET_NAME)";
				WRAPPER_EXTENSION = app;
			};
			name = Debug;
		};
		7CC9C6C51991756C0081ADEC /* Release */ = {
			isa = XCBuildConfiguration;
			buildSettings = {
				ASSETCATALOG_COMPILER_APPICON_NAME = AppIcon;
				ASSETCATALOG_COMPILER_LAUNCHIMAGE_NAME = LaunchImage;
				FRAMEWORK_SEARCH_PATHS = (
					"$(inherited)",
					/Users/mvilabrera/Developer/APIs,
				);
				GCC_PRECOMPILE_PREFIX_HEADER = YES;
				GCC_PREFIX_HEADER = "FullMetalFirebase/FullMetalFirebase-Prefix.pch";
				INFOPLIST_FILE = "FullMetalFirebase/FullMetalFirebase-Info.plist";
				OTHER_LDFLAGS = "-ObjC";
				PRODUCT_NAME = "$(TARGET_NAME)";
				WRAPPER_EXTENSION = app;
			};
			name = Release;
		};
		7CC9C6C71991756C0081ADEC /* Debug */ = {
			isa = XCBuildConfiguration;
			buildSettings = {
				BUNDLE_LOADER = "$(BUILT_PRODUCTS_DIR)/FullMetalFirebase.app/FullMetalFirebase";
				FRAMEWORK_SEARCH_PATHS = (
					"$(SDKROOT)/Developer/Library/Frameworks",
					"$(inherited)",
					"$(DEVELOPER_FRAMEWORKS_DIR)",
				);
				GCC_PRECOMPILE_PREFIX_HEADER = YES;
				GCC_PREFIX_HEADER = "FullMetalFirebase/FullMetalFirebase-Prefix.pch";
				GCC_PREPROCESSOR_DEFINITIONS = (
					"DEBUG=1",
					"$(inherited)",
				);
				INFOPLIST_FILE = "FullMetalFirebaseTests/FullMetalFirebaseTests-Info.plist";
				PRODUCT_NAME = "$(TARGET_NAME)";
				TEST_HOST = "$(BUNDLE_LOADER)";
				WRAPPER_EXTENSION = xctest;
			};
			name = Debug;
		};
		7CC9C6C81991756C0081ADEC /* Release */ = {
			isa = XCBuildConfiguration;
			buildSettings = {
				BUNDLE_LOADER = "$(BUILT_PRODUCTS_DIR)/FullMetalFirebase.app/FullMetalFirebase";
				FRAMEWORK_SEARCH_PATHS = (
					"$(SDKROOT)/Developer/Library/Frameworks",
					"$(inherited)",
					"$(DEVELOPER_FRAMEWORKS_DIR)",
				);
				GCC_PRECOMPILE_PREFIX_HEADER = YES;
				GCC_PREFIX_HEADER = "FullMetalFirebase/FullMetalFirebase-Prefix.pch";
				INFOPLIST_FILE = "FullMetalFirebaseTests/FullMetalFirebaseTests-Info.plist";
				PRODUCT_NAME = "$(TARGET_NAME)";
				TEST_HOST = "$(BUNDLE_LOADER)";
				WRAPPER_EXTENSION = xctest;
			};
			name = Release;
		};
/* End XCBuildConfiguration section */

/* Begin XCConfigurationList section */
		7CC9C6921991756C0081ADEC /* Build configuration list for PBXProject "FullMetalFirebase" */ = {
			isa = XCConfigurationList;
			buildConfigurations = (
				7CC9C6C11991756C0081ADEC /* Debug */,
				7CC9C6C21991756C0081ADEC /* Release */,
			);
			defaultConfigurationIsVisible = 0;
			defaultConfigurationName = Release;
		};
		7CC9C6C31991756C0081ADEC /* Build configuration list for PBXNativeTarget "FullMetalFirebase" */ = {
			isa = XCConfigurationList;
			buildConfigurations = (
				7CC9C6C41991756C0081ADEC /* Debug */,
				7CC9C6C51991756C0081ADEC /* Release */,
			);
			defaultConfigurationIsVisible = 0;
			defaultConfigurationName = Release;
		};
		7CC9C6C61991756C0081ADEC /* Build configuration list for PBXNativeTarget "FullMetalFirebaseTests" */ = {
			isa = XCConfigurationList;
			buildConfigurations = (
				7CC9C6C71991756C0081ADEC /* Debug */,
				7CC9C6C81991756C0081ADEC /* Release */,
			);
			defaultConfigurationIsVisible = 0;
			defaultConfigurationName = Release;
		};
/* End XCConfigurationList section */
	};
	rootObject = 7CC9C68F1991756C0081ADEC /* Project object */;
}
